Microsoft Visual Studio Solution File, Format Version 12.00
# Visual Studio Version 17
VisualStudioVersion = 17.5.2.0
MinimumVisualStudioVersion = 10.0.40219.1
Project("{FAE04EC0-301F-11D3-BF4B-00C04F79EFBC}") = "rotating-work-schedule", "rotating-work-schedule.csproj", "{8EB81BE4-CE88-5EFE-8DD2-CE8EF8A859C5}"
EndProject
Global
	GlobalSection(SolutionConfigurationPlatforms) = preSolution
		Debug|Any CPU = Debug|Any CPU
		Release|Any CPU = Release|Any CPU
	EndGlobalSection
	GlobalSection(ProjectConfigurationPlatforms) = postSolution
		{8EB81BE4-CE88-5EFE-8DD2-CE8EF8A859C5}.Debug|Any CPU.ActiveCfg = Debug|Any CPU
		{8EB81BE4-CE88-5EFE-8DD2-CE8EF8A859C5}.Debug|Any CPU.Build.0 = Debug|Any CPU
		{8EB81BE4-CE88-5EFE-8DD2-CE8EF8A859C5}.Release|Any CPU.ActiveCfg = Release|Any CPU
		{8EB81BE4-CE88-5EFE-8DD2-CE8EF8A859C5}.Release|Any CPU.Build.0 = Release|Any CPU
	EndGlobalSection
	GlobalSection(SolutionProperties) = preSolution
		HideSolutionNode = FALSE
	EndGlobalSection
	GlobalSection(ExtensibilityGlobals) = postSolution
		SolutionGuid = {FD45B3F0-9626-4514-8529-ED9CA65C0161}
	EndGlobalSection
EndGlobal
